<?xml version="1.0" encoding="utf-8"?>
<Project ToolsVersion="4.0" xmlns="http://schemas.microsoft.com/developer/msbuild/2003">
  <ItemGroup>
    <Filter Include="src">
      <UniqueIdentifier>{163fdc2a-47e7-4585-abff-e4a4fed1ede6}</UniqueIdentifier>
    </Filter>
  </ItemGroup>
  <ItemGroup>
    <ClInclude Include="src\transition.h">
      <Filter>src</Filter>
    </ClInclude>
    <ClInclude Include="src\statemachineservice.h">
      <Filter>src</Filter>
    </ClInclude>
    <ClInclude Include="src\statemachinecomponent.h">
      <Filter>src</Filter>
    </ClInclude>
    <ClInclude Include="src\statecontroller.h">
      <Filter>src</Filter>
    </ClInclude>
    <ClInclude Include="src\state.h">
      <Filter>src</Filter>
    </ClInclude>
    <ClInclude Include="src\napfsm.h">
      <Filter>src</Filter>
    </ClInclude>
    <ClInclude Include="src\attributecontroller.h">
      <Filter>src</Filter>
    </ClInclude>
    <ClInclude Include="src\attributeanimator.h">
      <Filter>src</Filter>
    </ClInclude>
    <ClInclude Include="src\animatedattributecontroller.h">
      <Filter>src</Filter>
    </ClInclude>
    <ClInclude Include="src\compoundcontrollers.h">
      <Filter>src</Filter>
    </ClInclude>
    <ClInclude Include="src\MessageCtrl.h">
      <Filter>src</Filter>
    </ClInclude>
  </ItemGroup>
  <ItemGroup>
    <ClCompile Include="src\transition.cpp">
      <Filter>src</Filter>
    </ClCompile>
    <ClCompile Include="src\statemachinecomponent.cpp">
      <Filter>src</Filter>
    </ClCompile>
    <ClCompile Include="src\statecontroller.cpp">
      <Filter>src</Filter>
    </ClCompile>
    <ClCompile Include="src\state.cpp">
      <Filter>src</Filter>
    </ClCompile>
    <ClCompile Include="src\module_napfsm.cpp">
      <Filter>src</Filter>
    </ClCompile>
    <ClCompile Include="src\attributecontroller.cpp">
      <Filter>src</Filter>
    </ClCompile>
    <ClCompile Include="src\attributeanimator.cpp">
      <Filter>src</Filter>
    </ClCompile>
    <ClCompile Include="src\animatedattributecontroller.cpp">
      <Filter>src</Filter>
    </ClCompile>
    <ClCompile Include="src\compoundcontrollers.cpp">
      <Filter>src</Filter>
    </ClCompile>
    <ClCompile Include="src\statemachineservice.cpp">
      <Filter>src</Filter>
    </ClCompile>
    <ClCompile Include="src\MessageCtrl.cpp">
      <Filter>src</Filter>
    </ClCompile>
  </ItemGroup>
</Project>