<?xml version="1.0" encoding="utf-8"?>
<Project ToolsVersion="4.0" xmlns="http://schemas.microsoft.com/developer/msbuild/2003">
  <ItemGroup>
    <Filter Include="Source Files">
      <UniqueIdentifier>{4FC737F1-C7A5-4376-A066-2A32D752A2FF}</UniqueIdentifier>
      <Extensions>cpp;c;cc;cxx;def;odl;idl;hpj;bat;asm;asmx</Extensions>
    </Filter>
    <Filter Include="Header Files">
      <UniqueIdentifier>{93995380-89BD-4b04-88EB-625FBE52EBFB}</UniqueIdentifier>
      <Extensions>h;hh;hpp;hxx;hm;inl;inc;xsd</Extensions>
    </Filter>
    <Filter Include="Resource Files">
      <UniqueIdentifier>{67DA6AB6-F800-4c08-8B7A-83BB121AAD01}</UniqueIdentifier>
      <Extensions>rc;ico;cur;bmp;dlg;rc2;rct;bin;rgs;gif;jpg;jpeg;jpe;resx;tiff;tif;png;wav;mfcribbon-ms</Extensions>
    </Filter>
  </ItemGroup>
  <ItemGroup>
    <ClCompile Include="src\nglutils.cpp">
      <Filter>Source Files</Filter>
    </ClCompile>
    <ClCompile Include="src\nsdlgl.cpp">
      <Filter>Source Files</Filter>
    </ClCompile>
    <ClCompile Include="src\nshader.cpp">
      <Filter>Source Files</Filter>
    </ClCompile>
    <ClCompile Include="src\ntexture.cpp">
      <Filter>Source Files</Filter>
    </ClCompile>
    <ClCompile Include="src\nbitmap.cpp">
      <Filter>Source Files</Filter>
    </ClCompile>
    <ClCompile Include="src\nbitmaputils.cpp">
      <Filter>Source Files</Filter>
    </ClCompile>
    <ClCompile Include="src\ntextureutils.cpp">
      <Filter>Source Files</Filter>
    </ClCompile>
    <ClCompile Include="src\nimage.cpp">
      <Filter>Source Files</Filter>
    </ClCompile>
    <ClCompile Include="src\nvertexarrayobject.cpp">
      <Filter>Source Files</Filter>
    </ClCompile>
    <ClCompile Include="src\ngltypes.cpp">
      <Filter>Source Files</Filter>
    </ClCompile>
    <ClCompile Include="src\nvertexbuffer.cpp">
      <Filter>Source Files</Filter>
    </ClCompile>
    <ClCompile Include="src\nvertexcontainer.cpp">
      <Filter>Source Files</Filter>
    </ClCompile>
    <ClCompile Include="src\nmesh.cpp">
      <Filter>Source Files</Filter>
    </ClCompile>
    <ClCompile Include="src\nmodel.cpp">
      <Filter>Source Files</Filter>
    </ClCompile>
    <ClCompile Include="src\nmodelutils.cpp">
      <Filter>Source Files</Filter>
    </ClCompile>
    <ClCompile Include="src\nframebuffer.cpp">
      <Filter>Source Files</Filter>
    </ClCompile>
    <ClCompile Include="src\ncamera.cpp">
      <Filter>Source Files</Filter>
    </ClCompile>
  </ItemGroup>
  <ItemGroup>
    <ClInclude Include="src\nopengl.h">
      <Filter>Header Files</Filter>
    </ClInclude>
    <ClInclude Include="src\nglutils.h">
      <Filter>Header Files</Filter>
    </ClInclude>
    <ClInclude Include="src\nsdlgl.h">
      <Filter>Header Files</Filter>
    </ClInclude>
    <ClInclude Include="src\nshader.h">
      <Filter>Header Files</Filter>
    </ClInclude>
    <ClInclude Include="src\ntexture.h">
      <Filter>Header Files</Filter>
    </ClInclude>
    <ClInclude Include="src\nbitmap.h">
      <Filter>Header Files</Filter>
    </ClInclude>
    <ClInclude Include="src\nbitmaputils.h">
      <Filter>Header Files</Filter>
    </ClInclude>
    <ClInclude Include="src\ntextureutils.h">
      <Filter>Header Files</Filter>
    </ClInclude>
    <ClInclude Include="src\nimage.h">
      <Filter>Header Files</Filter>
    </ClInclude>
    <ClInclude Include="src\nvertexarrayobject.h">
      <Filter>Header Files</Filter>
    </ClInclude>
    <ClInclude Include="src\nvertexbuffer.h">
      <Filter>Header Files</Filter>
    </ClInclude>
    <ClInclude Include="src\ngltypes.h">
      <Filter>Header Files</Filter>
    </ClInclude>
    <ClInclude Include="src\nvertexcontainer.h">
      <Filter>Header Files</Filter>
    </ClInclude>
    <ClInclude Include="src\nmesh.h">
      <Filter>Header Files</Filter>
    </ClInclude>
    <ClInclude Include="src\nmesh.hpp">
      <Filter>Header Files</Filter>
    </ClInclude>
    <ClInclude Include="src\nmodel.h">
      <Filter>Header Files</Filter>
    </ClInclude>
    <ClInclude Include="src\nmodelutils.h">
      <Filter>Header Files</Filter>
    </ClInclude>
    <ClInclude Include="src\nframebuffer.h">
      <Filter>Header Files</Filter>
    </ClInclude>
    <ClInclude Include="src\ncamera.h">
      <Filter>Header Files</Filter>
    </ClInclude>
  </ItemGroup>
</Project>