<?xml version="1.0" encoding="utf-8"?>
<Project ToolsVersion="4.0" xmlns="http://schemas.microsoft.com/developer/msbuild/2003">
  <ItemGroup>
    <Filter Include="Source Files">
      <UniqueIdentifier>{4FC737F1-C7A5-4376-A066-2A32D752A2FF}</UniqueIdentifier>
      <Extensions>cpp;c;cc;cxx;def;odl;idl;hpj;bat;asm;asmx</Extensions>
    </Filter>
    <Filter Include="Header Files">
      <UniqueIdentifier>{93995380-89BD-4b04-88EB-625FBE52EBFB}</UniqueIdentifier>
      <Extensions>h;hh;hpp;hxx;hm;inl;inc;xsd</Extensions>
    </Filter>
    <Filter Include="Resource Files">
      <UniqueIdentifier>{67DA6AB6-F800-4c08-8B7A-83BB121AAD01}</UniqueIdentifier>
      <Extensions>rc;ico;cur;bmp;dlg;rc2;rct;bin;rgs;gif;jpg;jpeg;jpe;resx;tiff;tif;png;wav;mfcribbon-ms</Extensions>
    </Filter>
    <Filter Include="Header Files\spline">
      <UniqueIdentifier>{63ae9c9f-1f67-49f0-9f28-b0b94d16cb77}</UniqueIdentifier>
    </Filter>
    <Filter Include="Header Files\spout">
      <UniqueIdentifier>{3e7e7077-943a-4581-9921-0b3f2847f092}</UniqueIdentifier>
    </Filter>
    <Filter Include="Source Files\spout">
      <UniqueIdentifier>{c3187511-8820-406b-adfc-41ef3d7b2864}</UniqueIdentifier>
    </Filter>
    <Filter Include="Source Files\spline">
      <UniqueIdentifier>{8562bad5-206f-4455-8134-685da9f9aea2}</UniqueIdentifier>
    </Filter>
    <Filter Include="Header Files\utils">
      <UniqueIdentifier>{980441e5-318e-4659-a841-ecd8b9a9f6ed}</UniqueIdentifier>
    </Filter>
    <Filter Include="Source Files\utils">
      <UniqueIdentifier>{4d4ea6e9-be4a-4212-9971-a39600d092b7}</UniqueIdentifier>
    </Filter>
    <Filter Include="Header Files\addons">
      <UniqueIdentifier>{dfc7da97-c70c-4110-a001-7fd5eb47c32e}</UniqueIdentifier>
    </Filter>
    <Filter Include="Header Files\spout\sdk">
      <UniqueIdentifier>{f4cabe5d-c28e-4fc9-8924-38398d487404}</UniqueIdentifier>
    </Filter>
    <Filter Include="Header Files\addons\ofxDSHapVideoPlayer">
      <UniqueIdentifier>{d7c02c8a-8b78-43ff-afac-891334470350}</UniqueIdentifier>
    </Filter>
    <Filter Include="Header Files\addons\ofxDSHapVideoPlayer\libs">
      <UniqueIdentifier>{e4119061-a9a9-42c6-8df3-90de9b9acaed}</UniqueIdentifier>
    </Filter>
    <Filter Include="Header Files\addons\ofxDSHapVideoPlayer\src">
      <UniqueIdentifier>{39763781-710b-473d-9780-715d4b157eac}</UniqueIdentifier>
    </Filter>
    <Filter Include="Header Files\addons\ofxDSHapVideoPlayer\libs\External">
      <UniqueIdentifier>{87bb1047-f9f7-4394-824f-76cfcebe1b73}</UniqueIdentifier>
    </Filter>
    <Filter Include="Header Files\addons\ofxDSHapVideoPlayer\libs\External\snappy">
      <UniqueIdentifier>{d959827c-4b18-481a-83dc-f3f28be02e39}</UniqueIdentifier>
    </Filter>
    <Filter Include="Header Files\addons\ofxDSHapVideoPlayer\libs\External\DirectShow">
      <UniqueIdentifier>{1dfae740-e691-4f91-8422-5c75d0737fc0}</UniqueIdentifier>
    </Filter>
    <Filter Include="Header Files\addons\ofxDSHapVideoPlayer\libs\External\DirectShow\BaseClasses">
      <UniqueIdentifier>{a4118d1f-e8a9-4c1a-88b8-d5ae28ec7366}</UniqueIdentifier>
    </Filter>
    <Filter Include="Source Files\svg">
      <UniqueIdentifier>{d93902c1-2215-4280-af78-ae0b2df0cfca}</UniqueIdentifier>
    </Filter>
    <Filter Include="Header Files\addons\ofxSVG">
      <UniqueIdentifier>{ef11406c-cdff-4321-816b-80185ff54f30}</UniqueIdentifier>
    </Filter>
    <Filter Include="Header Files\addons\ofxSVG\lib">
      <UniqueIdentifier>{f6b8a661-f5ec-41ef-98ab-e00d2df8cb39}</UniqueIdentifier>
    </Filter>
  </ItemGroup>
  <ItemGroup>
    <Text Include="ReadMe.txt" />
  </ItemGroup>
  <ItemGroup>
    <ClInclude Include="targetver.h">
      <Filter>Header Files</Filter>
    </ClInclude>
    <ClInclude Include="src\napofmaterial.h">
      <Filter>Header Files</Filter>
    </ClInclude>
    <ClInclude Include="src\napofupdatecomponent.h">
      <Filter>Header Files</Filter>
    </ClInclude>
    <ClInclude Include="src\napofrendercomponent.h">
      <Filter>Header Files</Filter>
    </ClInclude>
    <ClInclude Include="src\napofsimplecamcomponent.h">
      <Filter>Header Files</Filter>
    </ClInclude>
    <ClInclude Include="src\napoftransform.h">
      <Filter>Header Files</Filter>
    </ClInclude>
    <ClInclude Include="src\napofattributes.h">
      <Filter>Header Files</Filter>
    </ClInclude>
    <ClInclude Include="src\napofspoutsendcomponent.h">
      <Filter>Header Files</Filter>
    </ClInclude>
    <ClInclude Include="src\napofservice.h">
      <Filter>Header Files</Filter>
    </ClInclude>
    <ClInclude Include="src\napofvideocomponent.h">
      <Filter>Header Files</Filter>
    </ClInclude>
    <ClInclude Include="src\napofsoundcomponent.h">
      <Filter>Header Files</Filter>
    </ClInclude>
    <ClInclude Include="src\napofimagecomponent.h">
      <Filter>Header Files</Filter>
    </ClInclude>
    <ClInclude Include="src\napoflagcomponent.h">
      <Filter>Header Files</Filter>
    </ClInclude>
    <ClInclude Include="src\napoftracecomponent.h">
      <Filter>Header Files</Filter>
    </ClInclude>
    <ClInclude Include="src\napofsplinecomponent.h">
      <Filter>Header Files</Filter>
    </ClInclude>
    <ClInclude Include="src\napofsimpleshapecomponent.h">
      <Filter>Header Files</Filter>
    </ClInclude>
    <ClInclude Include="src\napofframebuffercomponent.h">
      <Filter>Header Files</Filter>
    </ClInclude>
    <ClInclude Include="src\napofsplinemodulationcomponent.h">
      <Filter>Header Files</Filter>
    </ClInclude>
    <ClInclude Include="src\Spline\nofSpline.h">
      <Filter>Header Files\spline</Filter>
    </ClInclude>
    <ClInclude Include="src\Spline\nofSplineUtils.h">
      <Filter>Header Files\spline</Filter>
    </ClInclude>
    <ClInclude Include="src\Spout\nofSpoutSender.h">
      <Filter>Header Files\spout</Filter>
    </ClInclude>
    <ClInclude Include="src\Utils\nofUtils.h">
      <Filter>Header Files\utils</Filter>
    </ClInclude>
    <ClInclude Include="..\..\..\openFrameworks\addons\ofxDSHapVideoPlayer\src\DSUncompressedSampleGrabber.h">
      <Filter>Header Files\addons\ofxDSHapVideoPlayer\src</Filter>
    </ClInclude>
    <ClInclude Include="..\..\..\openFrameworks\addons\ofxDSHapVideoPlayer\src\HapShared.h">
      <Filter>Header Files\addons\ofxDSHapVideoPlayer\src</Filter>
    </ClInclude>
    <ClInclude Include="..\..\..\openFrameworks\addons\ofxDSHapVideoPlayer\src\ofxDSHapVideoPlayer.h">
      <Filter>Header Files\addons\ofxDSHapVideoPlayer\src</Filter>
    </ClInclude>
    <ClInclude Include="..\..\..\openFrameworks\addons\ofxDSHapVideoPlayer\src\DSShared.h">
      <Filter>Header Files\addons\ofxDSHapVideoPlayer\src</Filter>
    </ClInclude>
    <ClInclude Include="..\..\..\openFrameworks\addons\ofxDSHapVideoPlayer\libs\External\DirectShow\BaseClasses\winctrl.h">
      <Filter>Header Files\addons\ofxDSHapVideoPlayer\libs\External\DirectShow\BaseClasses</Filter>
    </ClInclude>
    <ClInclude Include="..\..\..\openFrameworks\addons\ofxDSHapVideoPlayer\libs\External\DirectShow\BaseClasses\winutil.h">
      <Filter>Header Files\addons\ofxDSHapVideoPlayer\libs\External\DirectShow\BaseClasses</Filter>
    </ClInclude>
    <ClInclude Include="..\..\..\openFrameworks\addons\ofxDSHapVideoPlayer\libs\External\DirectShow\BaseClasses\wxdebug.h">
      <Filter>Header Files\addons\ofxDSHapVideoPlayer\libs\External\DirectShow\BaseClasses</Filter>
    </ClInclude>
    <ClInclude Include="..\..\..\openFrameworks\addons\ofxDSHapVideoPlayer\libs\External\DirectShow\BaseClasses\wxlist.h">
      <Filter>Header Files\addons\ofxDSHapVideoPlayer\libs\External\DirectShow\BaseClasses</Filter>
    </ClInclude>
    <ClInclude Include="..\..\..\openFrameworks\addons\ofxDSHapVideoPlayer\libs\External\DirectShow\BaseClasses\wxutil.h">
      <Filter>Header Files\addons\ofxDSHapVideoPlayer\libs\External\DirectShow\BaseClasses</Filter>
    </ClInclude>
    <ClInclude Include="..\..\..\openFrameworks\addons\ofxDSHapVideoPlayer\libs\External\DirectShow\BaseClasses\amextra.h">
      <Filter>Header Files\addons\ofxDSHapVideoPlayer\libs\External\DirectShow\BaseClasses</Filter>
    </ClInclude>
    <ClInclude Include="..\..\..\openFrameworks\addons\ofxDSHapVideoPlayer\libs\External\DirectShow\BaseClasses\amfilter.h">
      <Filter>Header Files\addons\ofxDSHapVideoPlayer\libs\External\DirectShow\BaseClasses</Filter>
    </ClInclude>
    <ClInclude Include="..\..\..\openFrameworks\addons\ofxDSHapVideoPlayer\libs\External\DirectShow\BaseClasses\cache.h">
      <Filter>Header Files\addons\ofxDSHapVideoPlayer\libs\External\DirectShow\BaseClasses</Filter>
    </ClInclude>
    <ClInclude Include="..\..\..\openFrameworks\addons\ofxDSHapVideoPlayer\libs\External\DirectShow\BaseClasses\checkbmi.h">
      <Filter>Header Files\addons\ofxDSHapVideoPlayer\libs\External\DirectShow\BaseClasses</Filter>
    </ClInclude>
    <ClInclude Include="..\..\..\openFrameworks\addons\ofxDSHapVideoPlayer\libs\External\DirectShow\BaseClasses\combase.h">
      <Filter>Header Files\addons\ofxDSHapVideoPlayer\libs\External\DirectShow\BaseClasses</Filter>
    </ClInclude>
    <ClInclude Include="..\..\..\openFrameworks\addons\ofxDSHapVideoPlayer\libs\External\DirectShow\BaseClasses\cprop.h">
      <Filter>Header Files\addons\ofxDSHapVideoPlayer\libs\External\DirectShow\BaseClasses</Filter>
    </ClInclude>
    <ClInclude Include="..\..\..\openFrameworks\addons\ofxDSHapVideoPlayer\libs\External\DirectShow\BaseClasses\ctlutil.h">
      <Filter>Header Files\addons\ofxDSHapVideoPlayer\libs\External\DirectShow\BaseClasses</Filter>
    </ClInclude>
    <ClInclude Include="..\..\..\openFrameworks\addons\ofxDSHapVideoPlayer\libs\External\DirectShow\BaseClasses\ddmm.h">
      <Filter>Header Files\addons\ofxDSHapVideoPlayer\libs\External\DirectShow\BaseClasses</Filter>
    </ClInclude>
    <ClInclude Include="..\..\..\openFrameworks\addons\ofxDSHapVideoPlayer\libs\External\DirectShow\BaseClasses\dllsetup.h">
      <Filter>Header Files\addons\ofxDSHapVideoPlayer\libs\External\DirectShow\BaseClasses</Filter>
    </ClInclude>
    <ClInclude Include="..\..\..\openFrameworks\addons\ofxDSHapVideoPlayer\libs\External\DirectShow\BaseClasses\dxmperf.h">
      <Filter>Header Files\addons\ofxDSHapVideoPlayer\libs\External\DirectShow\BaseClasses</Filter>
    </ClInclude>
    <ClInclude Include="..\..\..\openFrameworks\addons\ofxDSHapVideoPlayer\libs\External\DirectShow\BaseClasses\fourcc.h">
      <Filter>Header Files\addons\ofxDSHapVideoPlayer\libs\External\DirectShow\BaseClasses</Filter>
    </ClInclude>
    <ClInclude Include="..\..\..\openFrameworks\addons\ofxDSHapVideoPlayer\libs\External\DirectShow\BaseClasses\measure.h">
      <Filter>Header Files\addons\ofxDSHapVideoPlayer\libs\External\DirectShow\BaseClasses</Filter>
    </ClInclude>
    <ClInclude Include="..\..\..\openFrameworks\addons\ofxDSHapVideoPlayer\libs\External\DirectShow\BaseClasses\msgthrd.h">
      <Filter>Header Files\addons\ofxDSHapVideoPlayer\libs\External\DirectShow\BaseClasses</Filter>
    </ClInclude>
    <ClInclude Include="..\..\..\openFrameworks\addons\ofxDSHapVideoPlayer\libs\External\DirectShow\BaseClasses\mtype.h">
      <Filter>Header Files\addons\ofxDSHapVideoPlayer\libs\External\DirectShow\BaseClasses</Filter>
    </ClInclude>
    <ClInclude Include="..\..\..\openFrameworks\addons\ofxDSHapVideoPlayer\libs\External\DirectShow\BaseClasses\outputq.h">
      <Filter>Header Files\addons\ofxDSHapVideoPlayer\libs\External\DirectShow\BaseClasses</Filter>
    </ClInclude>
    <ClInclude Include="..\..\..\openFrameworks\addons\ofxDSHapVideoPlayer\libs\External\DirectShow\BaseClasses\perflog.h">
      <Filter>Header Files\addons\ofxDSHapVideoPlayer\libs\External\DirectShow\BaseClasses</Filter>
    </ClInclude>
    <ClInclude Include="..\..\..\openFrameworks\addons\ofxDSHapVideoPlayer\libs\External\DirectShow\BaseClasses\perfstruct.h">
      <Filter>Header Files\addons\ofxDSHapVideoPlayer\libs\External\DirectShow\BaseClasses</Filter>
    </ClInclude>
    <ClInclude Include="..\..\..\openFrameworks\addons\ofxDSHapVideoPlayer\libs\External\DirectShow\BaseClasses\pstream.h">
      <Filter>Header Files\addons\ofxDSHapVideoPlayer\libs\External\DirectShow\BaseClasses</Filter>
    </ClInclude>
    <ClInclude Include="..\..\..\openFrameworks\addons\ofxDSHapVideoPlayer\libs\External\DirectShow\BaseClasses\pullpin.h">
      <Filter>Header Files\addons\ofxDSHapVideoPlayer\libs\External\DirectShow\BaseClasses</Filter>
    </ClInclude>
    <ClInclude Include="..\..\..\openFrameworks\addons\ofxDSHapVideoPlayer\libs\External\DirectShow\BaseClasses\refclock.h">
      <Filter>Header Files\addons\ofxDSHapVideoPlayer\libs\External\DirectShow\BaseClasses</Filter>
    </ClInclude>
    <ClInclude Include="..\..\..\openFrameworks\addons\ofxDSHapVideoPlayer\libs\External\DirectShow\BaseClasses\reftime.h">
      <Filter>Header Files\addons\ofxDSHapVideoPlayer\libs\External\DirectShow\BaseClasses</Filter>
    </ClInclude>
    <ClInclude Include="..\..\..\openFrameworks\addons\ofxDSHapVideoPlayer\libs\External\DirectShow\BaseClasses\renbase.h">
      <Filter>Header Files\addons\ofxDSHapVideoPlayer\libs\External\DirectShow\BaseClasses</Filter>
    </ClInclude>
    <ClInclude Include="..\..\..\openFrameworks\addons\ofxDSHapVideoPlayer\libs\External\DirectShow\BaseClasses\schedule.h">
      <Filter>Header Files\addons\ofxDSHapVideoPlayer\libs\External\DirectShow\BaseClasses</Filter>
    </ClInclude>
    <ClInclude Include="..\..\..\openFrameworks\addons\ofxDSHapVideoPlayer\libs\External\DirectShow\BaseClasses\seekpt.h">
      <Filter>Header Files\addons\ofxDSHapVideoPlayer\libs\External\DirectShow\BaseClasses</Filter>
    </ClInclude>
    <ClInclude Include="..\..\..\openFrameworks\addons\ofxDSHapVideoPlayer\libs\External\DirectShow\BaseClasses\source.h">
      <Filter>Header Files\addons\ofxDSHapVideoPlayer\libs\External\DirectShow\BaseClasses</Filter>
    </ClInclude>
    <ClInclude Include="..\..\..\openFrameworks\addons\ofxDSHapVideoPlayer\libs\External\DirectShow\BaseClasses\streams.h">
      <Filter>Header Files\addons\ofxDSHapVideoPlayer\libs\External\DirectShow\BaseClasses</Filter>
    </ClInclude>
    <ClInclude Include="..\..\..\openFrameworks\addons\ofxDSHapVideoPlayer\libs\External\DirectShow\BaseClasses\strmctl.h">
      <Filter>Header Files\addons\ofxDSHapVideoPlayer\libs\External\DirectShow\BaseClasses</Filter>
    </ClInclude>
    <ClInclude Include="..\..\..\openFrameworks\addons\ofxDSHapVideoPlayer\libs\External\DirectShow\BaseClasses\sysclock.h">
      <Filter>Header Files\addons\ofxDSHapVideoPlayer\libs\External\DirectShow\BaseClasses</Filter>
    </ClInclude>
    <ClInclude Include="..\..\..\openFrameworks\addons\ofxDSHapVideoPlayer\libs\External\DirectShow\BaseClasses\transfrm.h">
      <Filter>Header Files\addons\ofxDSHapVideoPlayer\libs\External\DirectShow\BaseClasses</Filter>
    </ClInclude>
    <ClInclude Include="..\..\..\openFrameworks\addons\ofxDSHapVideoPlayer\libs\External\DirectShow\BaseClasses\transip.h">
      <Filter>Header Files\addons\ofxDSHapVideoPlayer\libs\External\DirectShow\BaseClasses</Filter>
    </ClInclude>
    <ClInclude Include="..\..\..\openFrameworks\addons\ofxDSHapVideoPlayer\libs\External\DirectShow\BaseClasses\videoctl.h">
      <Filter>Header Files\addons\ofxDSHapVideoPlayer\libs\External\DirectShow\BaseClasses</Filter>
    </ClInclude>
    <ClInclude Include="..\..\..\openFrameworks\addons\ofxDSHapVideoPlayer\libs\External\DirectShow\BaseClasses\vtrans.h">
      <Filter>Header Files\addons\ofxDSHapVideoPlayer\libs\External\DirectShow\BaseClasses</Filter>
    </ClInclude>
    <ClInclude Include="..\..\..\openFrameworks\addons\ofxDSHapVideoPlayer\libs\External\snappy\snappy-stubs-internal.h">
      <Filter>Header Files\addons\ofxDSHapVideoPlayer\libs\External\snappy</Filter>
    </ClInclude>
    <ClInclude Include="..\..\..\openFrameworks\addons\ofxDSHapVideoPlayer\libs\External\snappy\snappy-stubs-public.h">
      <Filter>Header Files\addons\ofxDSHapVideoPlayer\libs\External\snappy</Filter>
    </ClInclude>
    <ClInclude Include="..\..\..\openFrameworks\addons\ofxDSHapVideoPlayer\libs\External\snappy\snappy.h">
      <Filter>Header Files\addons\ofxDSHapVideoPlayer\libs\External\snappy</Filter>
    </ClInclude>
    <ClInclude Include="..\..\..\openFrameworks\addons\ofxDSHapVideoPlayer\libs\External\snappy\config.h">
      <Filter>Header Files\addons\ofxDSHapVideoPlayer\libs\External\snappy</Filter>
    </ClInclude>
    <ClInclude Include="..\..\..\openFrameworks\addons\ofxDSHapVideoPlayer\libs\External\snappy\snappy-c.h">
      <Filter>Header Files\addons\ofxDSHapVideoPlayer\libs\External\snappy</Filter>
    </ClInclude>
    <ClInclude Include="..\..\..\openFrameworks\addons\ofxDSHapVideoPlayer\libs\External\snappy\snappy-internal.h">
      <Filter>Header Files\addons\ofxDSHapVideoPlayer\libs\External\snappy</Filter>
    </ClInclude>
    <ClInclude Include="..\..\..\openFrameworks\addons\ofxDSHapVideoPlayer\libs\External\snappy\snappy-sinksource.h">
      <Filter>Header Files\addons\ofxDSHapVideoPlayer\libs\External\snappy</Filter>
    </ClInclude>
    <ClInclude Include="src\napoflayoutplanecomponent.h">
      <Filter>Header Files</Filter>
    </ClInclude>
    <ClInclude Include="src\napofshaderbinding.h">
      <Filter>Header Files</Filter>
    </ClInclude>
    <ClInclude Include="src\Utils\ofVec2i.h">
      <Filter>Header Files\utils</Filter>
    </ClInclude>
    <ClInclude Include="src\napofspritecomponent.h">
      <Filter>Header Files</Filter>
    </ClInclude>
    <ClInclude Include="src\napofblendtype.h">
      <Filter>Header Files</Filter>
    </ClInclude>
    <ClInclude Include="src\napof.h">
      <Filter>Source Files</Filter>
    </ClInclude>
    <ClInclude Include="src\napofslideshowcomponent.h">
      <Filter>Source Files</Filter>
    </ClInclude>
    <ClInclude Include="..\..\..\openFrameworks\addons\ofxSvg\src\ofxSvg.h">
      <Filter>Header Files\addons\ofxSVG</Filter>
    </ClInclude>
    <ClInclude Include="..\..\..\openFrameworks\addons\ofxSvg\libs\svgTiny\src\svgtiny.h">
      <Filter>Header Files\addons\ofxSVG\lib</Filter>
    </ClInclude>
    <ClInclude Include="..\..\..\openFrameworks\addons\ofxSvg\libs\svgTiny\src\svgtiny_internal.h">
      <Filter>Header Files\addons\ofxSVG\lib</Filter>
    </ClInclude>
    <ClInclude Include="src\utils\nofattributewrapper.h">
      <Filter>Header Files\utils</Filter>
    </ClInclude>
  </ItemGroup>
  <ItemGroup>
    <ClCompile Include="src\napofservice.cpp">
      <Filter>Source Files</Filter>
    </ClCompile>
    <ClCompile Include="src\napofsplinemodulationcomponent.cpp">
      <Filter>Source Files</Filter>
    </ClCompile>
    <ClCompile Include="src\napofsimpleshapecomponent.cpp">
      <Filter>Source Files</Filter>
    </ClCompile>
    <ClCompile Include="src\napoftransform.cpp">
      <Filter>Source Files</Filter>
    </ClCompile>
    <ClCompile Include="src\napofattributes.cpp">
      <Filter>Source Files</Filter>
    </ClCompile>
    <ClCompile Include="src\napofsplinecomponent.cpp">
      <Filter>Source Files</Filter>
    </ClCompile>
    <ClCompile Include="src\napofsoundcomponent.cpp">
      <Filter>Source Files</Filter>
    </ClCompile>
    <ClCompile Include="src\napofvideocomponent.cpp">
      <Filter>Source Files</Filter>
    </ClCompile>
    <ClCompile Include="src\napofimagecomponent.cpp">
      <Filter>Source Files</Filter>
    </ClCompile>
    <ClCompile Include="src\napofmaterial.cpp">
      <Filter>Source Files</Filter>
    </ClCompile>
    <ClCompile Include="src\napoftracecomponent.cpp">
      <Filter>Source Files</Filter>
    </ClCompile>
    <ClCompile Include="src\napofsimplecamcomponent.cpp">
      <Filter>Source Files</Filter>
    </ClCompile>
    <ClCompile Include="src\napofframebuffercomponent.cpp">
      <Filter>Source Files</Filter>
    </ClCompile>
    <ClCompile Include="src\napofrendercomponent.cpp">
      <Filter>Source Files</Filter>
    </ClCompile>
    <ClCompile Include="src\napoflagcomponent.cpp">
      <Filter>Source Files</Filter>
    </ClCompile>
    <ClCompile Include="src\napofupdatecomponent.cpp">
      <Filter>Source Files</Filter>
    </ClCompile>
    <ClCompile Include="src\napofspoutsendcomponent.cpp">
      <Filter>Source Files</Filter>
    </ClCompile>
    <ClCompile Include="src\Spline\nofSpline.cpp">
      <Filter>Source Files\spline</Filter>
    </ClCompile>
    <ClCompile Include="src\Spline\nofSplineUtils.cpp">
      <Filter>Source Files\spline</Filter>
    </ClCompile>
    <ClCompile Include="src\Spout\nofSpoutSender.cpp">
      <Filter>Source Files\spout</Filter>
    </ClCompile>
    <ClCompile Include="src\Utils\nofUtils.cpp">
      <Filter>Source Files\utils</Filter>
    </ClCompile>
    <ClCompile Include="..\..\..\spout2\SpoutSDK\Source\SpoutDirectX.cpp">
      <Filter>Header Files\spout\sdk</Filter>
    </ClCompile>
    <ClCompile Include="..\..\..\spout2\SpoutSDK\Source\SpoutGLDXinterop.cpp">
      <Filter>Header Files\spout\sdk</Filter>
    </ClCompile>
    <ClCompile Include="..\..\..\spout2\SpoutSDK\Source\SpoutGLextensions.cpp">
      <Filter>Header Files\spout\sdk</Filter>
    </ClCompile>
    <ClCompile Include="..\..\..\spout2\SpoutSDK\Source\SpoutMemoryShare.cpp">
      <Filter>Header Files\spout\sdk</Filter>
    </ClCompile>
    <ClCompile Include="..\..\..\spout2\SpoutSDK\Source\SpoutReceiver.cpp">
      <Filter>Header Files\spout\sdk</Filter>
    </ClCompile>
    <ClCompile Include="..\..\..\spout2\SpoutSDK\Source\SpoutSDK.cpp">
      <Filter>Header Files\spout\sdk</Filter>
    </ClCompile>
    <ClCompile Include="..\..\..\spout2\SpoutSDK\Source\SpoutSender.cpp">
      <Filter>Header Files\spout\sdk</Filter>
    </ClCompile>
    <ClCompile Include="..\..\..\spout2\SpoutSDK\Source\SpoutSenderNames.cpp">
      <Filter>Header Files\spout\sdk</Filter>
    </ClCompile>
    <ClCompile Include="..\..\..\spout2\SpoutSDK\Source\SpoutSharedMemory.cpp">
      <Filter>Header Files\spout\sdk</Filter>
    </ClCompile>
    <ClCompile Include="src\module_napof.cpp">
      <Filter>Source Files</Filter>
    </ClCompile>
    <ClCompile Include="..\..\..\openFrameworks\addons\ofxDSHapVideoPlayer\src\ofxDSHapVideoPlayer.cpp">
      <Filter>Header Files\addons\ofxDSHapVideoPlayer\src</Filter>
    </ClCompile>
    <ClCompile Include="..\..\..\openFrameworks\addons\ofxDSHapVideoPlayer\src\DSUncompressedSampleGrabber.cpp">
      <Filter>Header Files\addons\ofxDSHapVideoPlayer\src</Filter>
    </ClCompile>
    <ClCompile Include="..\..\..\openFrameworks\addons\ofxDSHapVideoPlayer\libs\External\DirectShow\BaseClasses\winctrl.cpp">
      <Filter>Header Files\addons\ofxDSHapVideoPlayer\libs\External\DirectShow\BaseClasses</Filter>
    </ClCompile>
    <ClCompile Include="..\..\..\openFrameworks\addons\ofxDSHapVideoPlayer\libs\External\DirectShow\BaseClasses\winutil.cpp">
      <Filter>Header Files\addons\ofxDSHapVideoPlayer\libs\External\DirectShow\BaseClasses</Filter>
    </ClCompile>
    <ClCompile Include="..\..\..\openFrameworks\addons\ofxDSHapVideoPlayer\libs\External\DirectShow\BaseClasses\wxdebug.cpp">
      <Filter>Header Files\addons\ofxDSHapVideoPlayer\libs\External\DirectShow\BaseClasses</Filter>
    </ClCompile>
    <ClCompile Include="..\..\..\openFrameworks\addons\ofxDSHapVideoPlayer\libs\External\DirectShow\BaseClasses\wxlist.cpp">
      <Filter>Header Files\addons\ofxDSHapVideoPlayer\libs\External\DirectShow\BaseClasses</Filter>
    </ClCompile>
    <ClCompile Include="..\..\..\openFrameworks\addons\ofxDSHapVideoPlayer\libs\External\DirectShow\BaseClasses\wxutil.cpp">
      <Filter>Header Files\addons\ofxDSHapVideoPlayer\libs\External\DirectShow\BaseClasses</Filter>
    </ClCompile>
    <ClCompile Include="..\..\..\openFrameworks\addons\ofxDSHapVideoPlayer\libs\External\DirectShow\BaseClasses\amextra.cpp">
      <Filter>Header Files\addons\ofxDSHapVideoPlayer\libs\External\DirectShow\BaseClasses</Filter>
    </ClCompile>
    <ClCompile Include="..\..\..\openFrameworks\addons\ofxDSHapVideoPlayer\libs\External\DirectShow\BaseClasses\amfilter.cpp">
      <Filter>Header Files\addons\ofxDSHapVideoPlayer\libs\External\DirectShow\BaseClasses</Filter>
    </ClCompile>
    <ClCompile Include="..\..\..\openFrameworks\addons\ofxDSHapVideoPlayer\libs\External\DirectShow\BaseClasses\amvideo.cpp">
      <Filter>Header Files\addons\ofxDSHapVideoPlayer\libs\External\DirectShow\BaseClasses</Filter>
    </ClCompile>
    <ClCompile Include="..\..\..\openFrameworks\addons\ofxDSHapVideoPlayer\libs\External\DirectShow\BaseClasses\arithutil.cpp">
      <Filter>Header Files\addons\ofxDSHapVideoPlayer\libs\External\DirectShow\BaseClasses</Filter>
    </ClCompile>
    <ClCompile Include="..\..\..\openFrameworks\addons\ofxDSHapVideoPlayer\libs\External\DirectShow\BaseClasses\combase.cpp">
      <Filter>Header Files\addons\ofxDSHapVideoPlayer\libs\External\DirectShow\BaseClasses</Filter>
    </ClCompile>
    <ClCompile Include="..\..\..\openFrameworks\addons\ofxDSHapVideoPlayer\libs\External\DirectShow\BaseClasses\cprop.cpp">
      <Filter>Header Files\addons\ofxDSHapVideoPlayer\libs\External\DirectShow\BaseClasses</Filter>
    </ClCompile>
    <ClCompile Include="..\..\..\openFrameworks\addons\ofxDSHapVideoPlayer\libs\External\DirectShow\BaseClasses\ctlutil.cpp">
      <Filter>Header Files\addons\ofxDSHapVideoPlayer\libs\External\DirectShow\BaseClasses</Filter>
    </ClCompile>
    <ClCompile Include="..\..\..\openFrameworks\addons\ofxDSHapVideoPlayer\libs\External\DirectShow\BaseClasses\ddmm.cpp">
      <Filter>Header Files\addons\ofxDSHapVideoPlayer\libs\External\DirectShow\BaseClasses</Filter>
    </ClCompile>
    <ClCompile Include="..\..\..\openFrameworks\addons\ofxDSHapVideoPlayer\libs\External\DirectShow\BaseClasses\dllentry.cpp">
      <Filter>Header Files\addons\ofxDSHapVideoPlayer\libs\External\DirectShow\BaseClasses</Filter>
    </ClCompile>
    <ClCompile Include="..\..\..\openFrameworks\addons\ofxDSHapVideoPlayer\libs\External\DirectShow\BaseClasses\dllsetup.cpp">
      <Filter>Header Files\addons\ofxDSHapVideoPlayer\libs\External\DirectShow\BaseClasses</Filter>
    </ClCompile>
    <ClCompile Include="..\..\..\openFrameworks\addons\ofxDSHapVideoPlayer\libs\External\DirectShow\BaseClasses\mtype.cpp">
      <Filter>Header Files\addons\ofxDSHapVideoPlayer\libs\External\DirectShow\BaseClasses</Filter>
    </ClCompile>
    <ClCompile Include="..\..\..\openFrameworks\addons\ofxDSHapVideoPlayer\libs\External\DirectShow\BaseClasses\outputq.cpp">
      <Filter>Header Files\addons\ofxDSHapVideoPlayer\libs\External\DirectShow\BaseClasses</Filter>
    </ClCompile>
    <ClCompile Include="..\..\..\openFrameworks\addons\ofxDSHapVideoPlayer\libs\External\DirectShow\BaseClasses\perflog.cpp">
      <Filter>Header Files\addons\ofxDSHapVideoPlayer\libs\External\DirectShow\BaseClasses</Filter>
    </ClCompile>
    <ClCompile Include="..\..\..\openFrameworks\addons\ofxDSHapVideoPlayer\libs\External\DirectShow\BaseClasses\pstream.cpp">
      <Filter>Header Files\addons\ofxDSHapVideoPlayer\libs\External\DirectShow\BaseClasses</Filter>
    </ClCompile>
    <ClCompile Include="..\..\..\openFrameworks\addons\ofxDSHapVideoPlayer\libs\External\DirectShow\BaseClasses\pullpin.cpp">
      <Filter>Header Files\addons\ofxDSHapVideoPlayer\libs\External\DirectShow\BaseClasses</Filter>
    </ClCompile>
    <ClCompile Include="..\..\..\openFrameworks\addons\ofxDSHapVideoPlayer\libs\External\DirectShow\BaseClasses\refclock.cpp">
      <Filter>Header Files\addons\ofxDSHapVideoPlayer\libs\External\DirectShow\BaseClasses</Filter>
    </ClCompile>
    <ClCompile Include="..\..\..\openFrameworks\addons\ofxDSHapVideoPlayer\libs\External\DirectShow\BaseClasses\renbase.cpp">
      <Filter>Header Files\addons\ofxDSHapVideoPlayer\libs\External\DirectShow\BaseClasses</Filter>
    </ClCompile>
    <ClCompile Include="..\..\..\openFrameworks\addons\ofxDSHapVideoPlayer\libs\External\DirectShow\BaseClasses\schedule.cpp">
      <Filter>Header Files\addons\ofxDSHapVideoPlayer\libs\External\DirectShow\BaseClasses</Filter>
    </ClCompile>
    <ClCompile Include="..\..\..\openFrameworks\addons\ofxDSHapVideoPlayer\libs\External\DirectShow\BaseClasses\seekpt.cpp">
      <Filter>Header Files\addons\ofxDSHapVideoPlayer\libs\External\DirectShow\BaseClasses</Filter>
    </ClCompile>
    <ClCompile Include="..\..\..\openFrameworks\addons\ofxDSHapVideoPlayer\libs\External\DirectShow\BaseClasses\source.cpp">
      <Filter>Header Files\addons\ofxDSHapVideoPlayer\libs\External\DirectShow\BaseClasses</Filter>
    </ClCompile>
    <ClCompile Include="..\..\..\openFrameworks\addons\ofxDSHapVideoPlayer\libs\External\DirectShow\BaseClasses\strmctl.cpp">
      <Filter>Header Files\addons\ofxDSHapVideoPlayer\libs\External\DirectShow\BaseClasses</Filter>
    </ClCompile>
    <ClCompile Include="..\..\..\openFrameworks\addons\ofxDSHapVideoPlayer\libs\External\DirectShow\BaseClasses\sysclock.cpp">
      <Filter>Header Files\addons\ofxDSHapVideoPlayer\libs\External\DirectShow\BaseClasses</Filter>
    </ClCompile>
    <ClCompile Include="..\..\..\openFrameworks\addons\ofxDSHapVideoPlayer\libs\External\DirectShow\BaseClasses\transfrm.cpp">
      <Filter>Header Files\addons\ofxDSHapVideoPlayer\libs\External\DirectShow\BaseClasses</Filter>
    </ClCompile>
    <ClCompile Include="..\..\..\openFrameworks\addons\ofxDSHapVideoPlayer\libs\External\DirectShow\BaseClasses\transip.cpp">
      <Filter>Header Files\addons\ofxDSHapVideoPlayer\libs\External\DirectShow\BaseClasses</Filter>
    </ClCompile>
    <ClCompile Include="..\..\..\openFrameworks\addons\ofxDSHapVideoPlayer\libs\External\DirectShow\BaseClasses\videoctl.cpp">
      <Filter>Header Files\addons\ofxDSHapVideoPlayer\libs\External\DirectShow\BaseClasses</Filter>
    </ClCompile>
    <ClCompile Include="..\..\..\openFrameworks\addons\ofxDSHapVideoPlayer\libs\External\DirectShow\BaseClasses\vtrans.cpp">
      <Filter>Header Files\addons\ofxDSHapVideoPlayer\libs\External\DirectShow\BaseClasses</Filter>
    </ClCompile>
    <ClCompile Include="..\..\..\openFrameworks\addons\ofxDSHapVideoPlayer\libs\External\snappy\snappy-sinksource.cc">
      <Filter>Header Files\addons\ofxDSHapVideoPlayer\libs\External\snappy</Filter>
    </ClCompile>
    <ClCompile Include="..\..\..\openFrameworks\addons\ofxDSHapVideoPlayer\libs\External\snappy\snappy-stubs-internal.cc">
      <Filter>Header Files\addons\ofxDSHapVideoPlayer\libs\External\snappy</Filter>
    </ClCompile>
    <ClCompile Include="..\..\..\openFrameworks\addons\ofxDSHapVideoPlayer\libs\External\snappy\snappy.cc">
      <Filter>Header Files\addons\ofxDSHapVideoPlayer\libs\External\snappy</Filter>
    </ClCompile>
    <ClCompile Include="..\..\..\openFrameworks\addons\ofxDSHapVideoPlayer\libs\External\snappy\snappy-c.cc">
      <Filter>Header Files\addons\ofxDSHapVideoPlayer\libs\External\snappy</Filter>
    </ClCompile>
    <ClCompile Include="src\napoflayoutplanecomponent.cpp">
      <Filter>Source Files</Filter>
    </ClCompile>
    <ClCompile Include="src\napofshaderbinding.cpp">
      <Filter>Source Files</Filter>
    </ClCompile>
    <ClCompile Include="src\Utils\ofVec2i.cpp">
      <Filter>Source Files\utils</Filter>
    </ClCompile>
    <ClCompile Include="src\napofspritecomponent.cpp">
      <Filter>Source Files</Filter>
    </ClCompile>
    <ClCompile Include="src\napofblendtype.cpp">
      <Filter>Source Files</Filter>
    </ClCompile>
    <ClCompile Include="src\napofslideshowcomponent.cpp">
      <Filter>Source Files</Filter>
    </ClCompile>
    <ClCompile Include="..\..\..\openFrameworks\addons\ofxSvg\src\ofxSvg.cpp">
      <Filter>Header Files\addons\ofxSVG</Filter>
    </ClCompile>
    <ClCompile Include="..\..\..\openFrameworks\addons\ofxSvg\libs\svgTiny\src\src_colors.cpp">
      <Filter>Header Files\addons\ofxSVG\lib</Filter>
    </ClCompile>
    <ClCompile Include="..\..\..\openFrameworks\addons\ofxSvg\libs\svgTiny\src\svgtiny.cpp">
      <Filter>Header Files\addons\ofxSVG\lib</Filter>
    </ClCompile>
    <ClCompile Include="..\..\..\openFrameworks\addons\ofxSvg\libs\svgTiny\src\svgtiny_gradient.cpp">
      <Filter>Header Files\addons\ofxSVG\lib</Filter>
    </ClCompile>
    <ClCompile Include="..\..\..\openFrameworks\addons\ofxSvg\libs\svgTiny\src\svgtiny_list.cpp">
      <Filter>Header Files\addons\ofxSVG\lib</Filter>
    </ClCompile>
    <ClCompile Include="src\utils\nofattributewrapper.cpp">
      <Filter>Header Files\utils</Filter>
    </ClCompile>
  </ItemGroup>
  <ItemGroup>
    <None Include="..\..\..\openFrameworks\addons\ofxDSHapVideoPlayer\libs\External\DirectShow\BaseClasses\baseclasses.vcproj">
      <Filter>Header Files\addons\ofxDSHapVideoPlayer\libs\External\DirectShow\BaseClasses</Filter>
    </None>
  </ItemGroup>
</Project>