<?xml version="1.0" encoding="utf-8"?>
<Project ToolsVersion="4.0" xmlns="http://schemas.microsoft.com/developer/msbuild/2003">
  <ItemGroup>
    <Filter Include="src">
      <UniqueIdentifier>{4653270a-8005-4e3d-9b5f-a98b1124d3eb}</UniqueIdentifier>
    </Filter>
    <Filter Include="src\tests">
      <UniqueIdentifier>{fcb2ea9d-7964-4559-8d5f-b74148eef2cf}</UniqueIdentifier>
    </Filter>
  </ItemGroup>
  <ItemGroup>
    <ClCompile Include="src\main.cpp">
      <Filter>src</Filter>
    </ClCompile>
    <ClCompile Include="src\tests\mathoperators.cpp">
      <Filter>src\tests</Filter>
    </ClCompile>
    <ClCompile Include="src\tests\testcore.cpp">
      <Filter>src\tests</Filter>
    </ClCompile>
    <ClCompile Include="src\tests\testjson.cpp">
      <Filter>src\tests</Filter>
    </ClCompile>
    <ClCompile Include="src\tests\testlink.cpp">
      <Filter>src\tests</Filter>
    </ClCompile>
    <ClCompile Include="src\tests\testnetwork.cpp">
      <Filter>src\tests</Filter>
    </ClCompile>
    <ClCompile Include="src\tests\testscriptserver.cpp">
      <Filter>src\tests</Filter>
    </ClCompile>
  </ItemGroup>
  <ItemGroup>
    <ClInclude Include="src\testmanager.h">
      <Filter>src</Filter>
    </ClInclude>
    <ClInclude Include="src\tests\mathoperators.h">
      <Filter>src\tests</Filter>
    </ClInclude>
    <ClInclude Include="src\tests\testcore.h">
      <Filter>src\tests</Filter>
    </ClInclude>
    <ClInclude Include="src\tests\testjson.h">
      <Filter>src\tests</Filter>
    </ClInclude>
    <ClInclude Include="src\tests\testlink.h">
      <Filter>src\tests</Filter>
    </ClInclude>
    <ClInclude Include="src\tests\testnetwork.h">
      <Filter>src\tests</Filter>
    </ClInclude>
    <ClInclude Include="src\tests\testscriptserver.h">
      <Filter>src\tests</Filter>
    </ClInclude>
  </ItemGroup>
</Project>